lockfileVersion: '9.0'

settings:
  autoInstallPeers: true
  excludeLinksFromLockfile: false

importers:

  .:
    devDependencies:
      conventional-changelog-conventionalcommits:
        specifier: 9.1.0
        version: 9.1.0

packages:

  array-ify@1.0.0:
    resolution: {integrity: sha512-c5AMf34bKdvPhQ7tBGhqkgKNUzMr4WUs+WDtC2ZUGOUncbxKMTvqxYctiseW3+L4bA8ec+GcZ6/A/FW4m8ukng==}

  compare-func@2.0.0:
    resolution: {integrity: sha512-zHig5N+tPWARooBnb0Zx1MFcdfpyJrfTJ3Y5L+IFvUm8rM74hHz66z0gw0x4tijh5CorKkKUCnW82R2vmpeCRA==}

  conventional-changelog-conventionalcommits@9.1.0:
    resolution: {integrity: sha512-MnbEysR8wWa8dAEvbj5xcBgJKQlX/m0lhS8DsyAAWDHdfs2faDJxTgzRYlRYpXSe7UiKrIIlB4TrBKU9q9DgkA==}
    engines: {node: '>=18'}

  dot-prop@5.3.0:
    resolution: {integrity: sha512-QM8q3zDe58hqUqjraQOmzZ1LIH9SWQJTlEKCH4kJ2oQvLZk7RbQXvtDM2XEq3fwkV9CCvvH4LA0AV+ogFsBM2Q==}
    engines: {node: '>=8'}

  is-obj@2.0.0:
    resolution: {integrity: sha512-drqDG3cbczxxEJRoOXcOjtdp1J/lyp1mNn0xaznRs8+muBhgQcrnbspox5X5fOw0HnMnbfDzvnEMEtqDEJEo8w==}
    engines: {node: '>=8'}

snapshots:

  array-ify@1.0.0: {}

  compare-func@2.0.0:
    dependencies:
      array-ify: 1.0.0
      dot-prop: 5.3.0

  conventional-changelog-conventionalcommits@9.1.0:
    dependencies:
      compare-func: 2.0.0

  dot-prop@5.3.0:
    dependencies:
      is-obj: 2.0.0

  is-obj@2.0.0: {}
